
Microsoft Visual Studio Solution File, Format Version 12.00
# Visual Studio Version 17
VisualStudioVersion = 17.8.34511.84
MinimumVisualStudioVersion = 10.0.40219.1
Project("{FAE04EC0-301F-11D3-BF4B-00C04F79EFBC}") = "Velocity", "Velocity\Velocity.csproj", "{CEDBB6DF-B883-4EF3-9976-C211D804E074}"
EndProject
Global
	GlobalSection(SolutionConfigurationPlatforms) = preSolution
		Debug|Any CPU = Debug|Any CPU
		Release|Any CPU = Release|Any CPU
	EndGlobalSection
	GlobalSection(ProjectConfigurationPlatforms) = postSolution
		{CEDBB6DF-B883-4EF3-9976-C211D804E074}.Debug|Any CPU.ActiveCfg = Debug|Any CPU
		{CEDBB6DF-B883-4EF3-9976-C211D804E074}.Debug|Any CPU.Build.0 = Debug|Any CPU
		{CEDBB6DF-B883-4EF3-9976-C211D804E074}.Release|Any CPU.ActiveCfg = Release|Any CPU
		{CEDBB6DF-B883-4EF3-9976-C211D804E074}.Release|Any CPU.Build.0 = Release|Any CPU
	EndGlobalSection
	GlobalSection(SolutionProperties) = preSolution
		HideSolutionNode = FALSE
	EndGlobalSection
	GlobalSection(ExtensibilityGlobals) = postSolution
		SolutionGuid = {5EBC6C92-6534-40B1-A880-8A157B6EAACD}
	EndGlobalSection
EndGlobal
